
Microsoft Visual Studio Solution File, Format Version 12.00
# Visual Studio 15
VisualStudioVersion = 15.0.27703.2018
MinimumVisualStudioVersion = 10.0.40219.1
Project("{FAE04EC0-301F-11D3-BF4B-00C04F79EFBC}") = "WebApplication1", "WebApplication1\WebApplication1.csproj", "{7BC1671B-0A53-4E8F-A3DC-E16270C2DF7B}"
EndProject
Global
	GlobalSection(SolutionConfigurationPlatforms) = preSolution
		Debug|Any CPU = Debug|Any CPU
		Release|Any CPU = Release|Any CPU
	EndGlobalSection
	GlobalSection(ProjectConfigurationPlatforms) = postSolution
		{7BC1671B-0A53-4E8F-A3DC-E16270C2DF7B}.Debug|Any CPU.ActiveCfg = Debug|Any CPU
		{7BC1671B-0A53-4E8F-A3DC-E16270C2DF7B}.Debug|Any CPU.Build.0 = Debug|Any CPU
		{7BC1671B-0A53-4E8F-A3DC-E16270C2DF7B}.Release|Any CPU.ActiveCfg = Release|Any CPU
		{7BC1671B-0A53-4E8F-A3DC-E16270C2DF7B}.Release|Any CPU.Build.0 = Release|Any CPU
	EndGlobalSection
	GlobalSection(SolutionProperties) = preSolution
		HideSolutionNode = FALSE
	EndGlobalSection
	GlobalSection(ExtensibilityGlobals) = postSolution
		SolutionGuid = {02B24C8F-158D-4221-9B82-BEE0B5B2A64B}
	EndGlobalSection
EndGlobal
